
Microsoft Visual Studio Solution File, Format Version 12.00
# Visual Studio 2013
VisualStudioVersion = 12.0.31101.0
MinimumVisualStudioVersion = 10.0.40219.1
Project("{FAE04EC0-301F-11D3-BF4B-00C04F79EFBC}") = "SpotifyAcronymPlaylist", "SpotifyAcronymPlaylist\SpotifyAcronymPlaylist.csproj", "{61665372-C28D-4D42-926D-FC680A9EEFEA}"
EndProject
Project("{FAE04EC0-301F-11D3-BF4B-00C04F79EFBC}") = "SpotifyAcronymPlaylist.Tests", "SpotifyAcronymPlaylist.Tests\SpotifyAcronymPlaylist.Tests.csproj", "{759468E1-3A01-4136-8E05-CEEF88AC2678}"
EndProject
Project("{2150E333-8FDC-42A3-9474-1A3956D46DE8}") = "PublishScripts", "PublishScripts", "{C12AA73E-6A31-48C4-96D2-55053CA72022}"
	ProjectSection(SolutionItems) = preProject
		PublishScripts\AzureWebsitePublishModule.psm1 = PublishScripts\AzureWebsitePublishModule.psm1
		PublishScripts\Publish-WebApplicationWebsite.ps1 = PublishScripts\Publish-WebApplicationWebsite.ps1
	EndProjectSection
EndProject
Project("{2150E333-8FDC-42A3-9474-1A3956D46DE8}") = "Configurations", "Configurations", "{E1918863-43E9-496F-81C6-006774A6059E}"
	ProjectSection(SolutionItems) = preProject
		PublishScripts\Configurations\SpotifyAcronymPlaylist-WAWS-dev.json = PublishScripts\Configurations\SpotifyAcronymPlaylist-WAWS-dev.json
	EndProjectSection
EndProject
Project("{2150E333-8FDC-42A3-9474-1A3956D46DE8}") = ".nuget", ".nuget", "{F6B85DE7-BCFC-4E48-B043-E030B71EF132}"
	ProjectSection(SolutionItems) = preProject
		.nuget\packages.config = .nuget\packages.config
	EndProjectSection
EndProject
Global
	GlobalSection(SolutionConfigurationPlatforms) = preSolution
		Debug|Any CPU = Debug|Any CPU
		Release|Any CPU = Release|Any CPU
	EndGlobalSection
	GlobalSection(ProjectConfigurationPlatforms) = postSolution
		{61665372-C28D-4D42-926D-FC680A9EEFEA}.Debug|Any CPU.ActiveCfg = Debug|Any CPU
		{61665372-C28D-4D42-926D-FC680A9EEFEA}.Debug|Any CPU.Build.0 = Debug|Any CPU
		{61665372-C28D-4D42-926D-FC680A9EEFEA}.Release|Any CPU.ActiveCfg = Release|Any CPU
		{61665372-C28D-4D42-926D-FC680A9EEFEA}.Release|Any CPU.Build.0 = Release|Any CPU
		{759468E1-3A01-4136-8E05-CEEF88AC2678}.Debug|Any CPU.ActiveCfg = Debug|Any CPU
		{759468E1-3A01-4136-8E05-CEEF88AC2678}.Debug|Any CPU.Build.0 = Debug|Any CPU
		{759468E1-3A01-4136-8E05-CEEF88AC2678}.Release|Any CPU.ActiveCfg = Release|Any CPU
		{759468E1-3A01-4136-8E05-CEEF88AC2678}.Release|Any CPU.Build.0 = Release|Any CPU
	EndGlobalSection
	GlobalSection(SolutionProperties) = preSolution
		HideSolutionNode = FALSE
	EndGlobalSection
	GlobalSection(NestedProjects) = preSolution
		{E1918863-43E9-496F-81C6-006774A6059E} = {C12AA73E-6A31-48C4-96D2-55053CA72022}
	EndGlobalSection
EndGlobal
